
Microsoft Visual Studio Solution File, Format Version 12.00
# Visual Studio Version 16
VisualStudioVersion = 16.0.30907.101
MinimumVisualStudioVersion = 10.0.40219.1
Project("{FAE04EC0-301F-11D3-BF4B-00C04F79EFBC}") = "SentimentAnalytics", "SentimentAnalytics\SentimentAnalytics.csproj", "{7D3ABED9-BFB3-42FE-AC64-7A7F12946D63}"
EndProject
Project("{FAE04EC0-301F-11D3-BF4B-00C04F79EFBC}") = "SentimentAnalytics.Tests", "SentimentAnalytics.Tests\SentimentAnalytics.Tests.csproj", "{73251AC9-790C-40C4-B57A-05E4E0813B78}"
EndProject
Global
	GlobalSection(SolutionConfigurationPlatforms) = preSolution
		Debug|Any CPU = Debug|Any CPU
		Release|Any CPU = Release|Any CPU
	EndGlobalSection
	GlobalSection(ProjectConfigurationPlatforms) = postSolution
		{7D3ABED9-BFB3-42FE-AC64-7A7F12946D63}.Debug|Any CPU.ActiveCfg = Debug|Any CPU
		{7D3ABED9-BFB3-42FE-AC64-7A7F12946D63}.Debug|Any CPU.Build.0 = Debug|Any CPU
		{7D3ABED9-BFB3-42FE-AC64-7A7F12946D63}.Release|Any CPU.ActiveCfg = Release|Any CPU
		{7D3ABED9-BFB3-42FE-AC64-7A7F12946D63}.Release|Any CPU.Build.0 = Release|Any CPU
		{73251AC9-790C-40C4-B57A-05E4E0813B78}.Debug|Any CPU.ActiveCfg = Debug|Any CPU
		{73251AC9-790C-40C4-B57A-05E4E0813B78}.Debug|Any CPU.Build.0 = Debug|Any CPU
		{73251AC9-790C-40C4-B57A-05E4E0813B78}.Release|Any CPU.ActiveCfg = Release|Any CPU
		{73251AC9-790C-40C4-B57A-05E4E0813B78}.Release|Any CPU.Build.0 = Release|Any CPU
	EndGlobalSection
	GlobalSection(SolutionProperties) = preSolution
		HideSolutionNode = FALSE
	EndGlobalSection
	GlobalSection(ExtensibilityGlobals) = postSolution
		SolutionGuid = {7A82F0BE-CFAD-4521-B0BF-40E1EA8153C5}
	EndGlobalSection
EndGlobal
